{
  "name": "last_vision",
  "lockfileVersion": 2,
  "requires": true,
  "packages": {
    "": {
      "dependencies": {
        "vue-ls": "^4.2.0",
        "vue-router": "^3.5.4"
      }
    },
    "node_modules/opencollective-postinstall": {
      "version": "2.0.3",
      "resolved": "https://registry.npmmirror.com/opencollective-postinstall/-/opencollective-postinstall-2.0.3.tgz",
      "integrity": "sha512-8AV/sCtuzUeTo8gQK5qDZzARrulB3egtLzFgteqB2tcT4Mw7B8Kt7JcDHmltjz6FOAHsvTevk70gZEbhM4ZS9Q==",
      "bin": {
        "opencollective-postinstall": "index.js"
      }
    },
    "node_modules/vue-ls": {
      "version": "4.2.0",
      "resolved": "https://registry.npmmirror.com/vue-ls/-/vue-ls-4.2.0.tgz",
      "integrity": "sha512-aEQvaFzIH6A0u0in4ghsxiqMgXNxf2+mtgOW8BaiLM6f3gTfvJMjZBjSrycDgdde7P5VfXOqLFGk4+Tf0Mre6Q==",
      "hasInstallScript": true,
      "dependencies": {
        "opencollective-postinstall": "^2.0.2"
      },
      "engines": {
        "node": ">=6.11.5"
      }
    },
    "node_modules/vue-router": {
      "version": "3.5.4",
      "resolved": "https://registry.npmmirror.com/vue-router/-/vue-router-3.5.4.tgz",
      "integrity": "sha512-x+/DLAJZv2mcQ7glH2oV9ze8uPwcI+H+GgTgTmb5I55bCgY3+vXWIsqbYUzbBSZnwFHEJku4eoaH/x98veyymQ=="
    }
  },
  "dependencies": {
    "opencollective-postinstall": {
      "version": "2.0.3",
      "resolved": "https://registry.npmmirror.com/opencollective-postinstall/-/opencollective-postinstall-2.0.3.tgz",
      "integrity": "sha512-8AV/sCtuzUeTo8gQK5qDZzARrulB3egtLzFgteqB2tcT4Mw7B8Kt7JcDHmltjz6FOAHsvTevk70gZEbhM4ZS9Q=="
    },
    "vue-ls": {
      "version": "4.2.0",
      "resolved": "https://registry.npmmirror.com/vue-ls/-/vue-ls-4.2.0.tgz",
      "integrity": "sha512-aEQvaFzIH6A0u0in4ghsxiqMgXNxf2+mtgOW8BaiLM6f3gTfvJMjZBjSrycDgdde7P5VfXOqLFGk4+Tf0Mre6Q==",
      "requires": {
        "opencollective-postinstall": "^2.0.2"
      }
    },
    "vue-router": {
      "version": "3.5.4",
      "resolved": "https://registry.npmmirror.com/vue-router/-/vue-router-3.5.4.tgz",
      "integrity": "sha512-x+/DLAJZv2mcQ7glH2oV9ze8uPwcI+H+GgTgTmb5I55bCgY3+vXWIsqbYUzbBSZnwFHEJku4eoaH/x98veyymQ=="
    }
  }
}
